// !$*UTF8*$!
{
	archiveVersion = 1;
	classes = {
	};
	objectVersion = 50;
	objects = {

/* Begin PBXBuildFile section */
		89935EC6251C4F5D0023E1DA /* AppDelegate.swift in Sources */ = {isa = PBXBuildFile; fileRef = 89935EC5251C4F5D0023E1DA /* AppDelegate.swift */; };
		89935EC8251C4F5D0023E1DA /* SceneDelegate.swift in Sources */ = {isa = PBXBuildFile; fileRef = 89935EC7251C4F5D0023E1DA /* SceneDelegate.swift */; };
		89935ECA251C4F5D0023E1DA /* ViewController.swift in Sources */ = {isa = PBXBuildFile; fileRef = 89935EC9251C4F5D0023E1DA /* ViewController.swift */; };
		89935ECD251C4F5D0023E1DA /* Main.storyboard in Resources */ = {isa = PBXBuildFile; fileRef = 89935ECB251C4F5D0023E1DA /* Main.storyboard */; };
		89935ECF251C4F600023E1DA /* Assets.xcassets in Resources */ = {isa = PBXBuildFile; fileRef = 89935ECE251C4F600023E1DA /* Assets.xcassets */; };
		89935ED2251C4F600023E1DA /* LaunchScreen.storyboard in Resources */ = {isa = PBXBuildFile; fileRef = 89935ED0251C4F600023E1DA /* LaunchScreen.storyboard */; };
		89935EDD251C4F600023E1DA /* FlixTests.swift in Sources */ = {isa = PBXBuildFile; fileRef = 89935EDC251C4F600023E1DA /* FlixTests.swift */; };
		89935EE8251C4F610023E1DA /* FlixUITests.swift in Sources */ = {isa = PBXBuildFile; fileRef = 89935EE7251C4F610023E1DA /* FlixUITests.swift */; };
/* End PBXBuildFile section */

/* Begin PBXContainerItemProxy section */
		89935ED9251C4F600023E1DA /* PBXContainerItemProxy */ = {
			isa = PBXContainerItemProxy;
			containerPortal = 89935EBA251C4F5D0023E1DA /* Project object */;
			proxyType = 1;
			remoteGlobalIDString = 89935EC1251C4F5D0023E1DA;
			remoteInfo = Flix;
		};
		89935EE4251C4F610023E1DA /* PBXContainerItemProxy */ = {
			isa = PBXContainerItemProxy;
			containerPortal = 89935EBA251C4F5D0023E1DA /* Project object */;
			proxyType = 1;
			remoteGlobalIDString = 89935EC1251C4F5D0023E1DA;
			remoteInfo = Flix;
		};
/* End PBXContainerItemProxy section */

/* Begin PBXFileReference section */
		89935EC2251C4F5D0023E1DA /* Flix.app */ = {isa = PBXFileReference; explicitFileType = wrapper.application; includeInIndex = 0; path = Flix.app; sourceTree = BUILT_PRODUCTS_DIR; };
		89935EC5251C4F5D0023E1DA /* AppDelegate.swift */ = {isa = PBXFileReference; lastKnownFileType = sourcecode.swift; path = AppDelegate.swift; sourceTree = "<group>"; };
		89935EC7251C4F5D0023E1DA /* SceneDelegate.swift */ = {isa = PBXFileReference; lastKnownFileType = sourcecode.swift; path = SceneDelegate.swift; sourceTree = "<group>"; };
		89935EC9251C4F5D0023E1DA /* ViewController.swift */ = {isa = PBXFileReference; lastKnownFileType = sourcecode.swift; path = ViewController.swift; sourceTree = "<group>"; };
		89935ECC251C4F5D0023E1DA /* Base */ = {isa = PBXFileReference; lastKnownFileType = file.storyboard; name = Base; path = Base.lproj/Main.storyboard; sourceTree = "<group>"; };
		89935ECE251C4F600023E1DA /* Assets.xcassets */ = {isa = PBXFileReference; lastKnownFileType = folder.assetcatalog; path = Assets.xcassets; sourceTree = "<group>"; };
		89935ED1251C4F600023E1DA /* Base */ = {isa = PBXFileReference; lastKnownFileType = file.storyboard; name = Base; path = Base.lproj/LaunchScreen.storyboard; sourceTree = "<group>"; };
		89935ED3251C4F600023E1DA /* Info.plist */ = {isa = PBXFileReference; lastKnownFileType = text.plist.xml; path = Info.plist; sourceTree = "<group>"; };
		89935ED8251C4F600023E1DA /* FlixTests.xctest */ = {isa = PBXFileReference; explicitFileType = wrapper.cfbundle; includeInIndex = 0; path = FlixTests.xctest; sourceTree = BUILT_PRODUCTS_DIR; };
		89935EDC251C4F600023E1DA /* FlixTests.swift */ = {isa = PBXFileReference; lastKnownFileType = sourcecode.swift; path = FlixTests.swift; sourceTree = "<group>"; };
		89935EDE251C4F610023E1DA /* Info.plist */ = {isa = PBXFileReference; lastKnownFileType = text.plist.xml; path = Info.plist; sourceTree = "<group>"; };
		89935EE3251C4F610023E1DA /* FlixUITests.xctest */ = {isa = PBXFileReference; explicitFileType = wrapper.cfbundle; includeInIndex = 0; path = FlixUITests.xctest; sourceTree = BUILT_PRODUCTS_DIR; };
		89935EE7251C4F610023E1DA /* FlixUITests.swift */ = {isa = PBXFileReference; lastKnownFileType = sourcecode.swift; path = FlixUITests.swift; sourceTree = "<group>"; };
		89935EE9251C4F610023E1DA /* Info.plist */ = {isa = PBXFileReference; lastKnownFileType = text.plist.xml; path = Info.plist; sourceTree = "<group>"; };
/* End PBXFileReference section */

/* Begin PBXFrameworksBuildPhase section */
		89935EBF251C4F5D0023E1DA /* Frameworks */ = {
			isa = PBXFrameworksBuildPhase;
			buildActionMask = 2147483647;
			files = (
			);
			runOnlyForDeploymentPostprocessing = 0;
		};
		89935ED5251C4F600023E1DA /* Frameworks */ = {
			isa = PBXFrameworksBuildPhase;
			buildActionMask = 2147483647;
			files = (
			);
			runOnlyForDeploymentPostprocessing = 0;
		};
		89935EE0251C4F610023E1DA /* Frameworks */ = {
			isa = PBXFrameworksBuildPhase;
			buildActionMask = 2147483647;
			files = (
			);
			runOnlyForDeploymentPostprocessing = 0;
		};
/* End PBXFrameworksBuildPhase section */

/* Begin PBXGroup section */
		89935EB9251C4F5D0023E1DA = {
			isa = PBXGroup;
			children = (
				89935EC4251C4F5D0023E1DA /* Flix */,
				89935EDB251C4F600023E1DA /* FlixTests */,
				89935EE6251C4F610023E1DA /* FlixUITests */,
				89935EC3251C4F5D0023E1DA /* Products */,
			);
			sourceTree = "<group>";
		};
		89935EC3251C4F5D0023E1DA /* Products */ = {
			isa = PBXGroup;
			children = (
				89935EC2251C4F5D0023E1DA /* Flix.app */,
				89935ED8251C4F600023E1DA /* FlixTests.xctest */,
				89935EE3251C4F610023E1DA /* FlixUITests.xctest */,
			);
			name = Products;
			sourceTree = "<group>";
		};
		89935EC4251C4F5D0023E1DA /* Flix */ = {
			isa = PBXGroup;
			children = (
				89935EC5251C4F5D0023E1DA /* AppDelegate.swift */,
				89935EC7251C4F5D0023E1DA /* SceneDelegate.swift */,
				89935EC9251C4F5D0023E1DA /* ViewController.swift */,
				89935ECB251C4F5D0023E1DA /* Main.storyboard */,
				89935ECE251C4F600023E1DA /* Assets.xcassets */,
				89935ED0251C4F600023E1DA /* LaunchScreen.storyboard */,
				89935ED3251C4F600023E1DA /* Info.plist */,
			);
			path = Flix;
			sourceTree = "<group>";
		};
		89935EDB251C4F600023E1DA /* FlixTests */ = {
			isa = PBXGroup;
			children = (
				89935EDC251C4F600023E1DA /* FlixTests.swift */,
				89935EDE251C4F610023E1DA /* Info.plist */,
			);
			path = FlixTests;
			sourceTree = "<group>";
		};
		89935EE6251C4F610023E1DA /* FlixUITests */ = {
			isa = PBXGroup;
			children = (
				89935EE7251C4F610023E1DA /* FlixUITests.swift */,
				89935EE9251C4F610023E1DA /* Info.plist */,
			);
			path = FlixUITests;
			sourceTree = "<group>";
		};
/* End PBXGroup section */

/* Begin PBXNativeTarget section */
		89935EC1251C4F5D0023E1DA /* Flix */ = {
			isa = PBXNativeTarget;
			buildConfigurationList = 89935EEC251C4F610023E1DA /* Build configuration list for PBXNativeTarget "Flix" */;
			buildPhases = (
				89935EBE251C4F5D0023E1DA /* Sources */,
				89935EBF251C4F5D0023E1DA /* Frameworks */,
				89935EC0251C4F5D0023E1DA /* Resources */,
			);
			buildRules = (
			);
			dependencies = (
			);
			name = Flix;
			productName = Flix;
			productReference = 89935EC2251C4F5D0023E1DA /* Flix.app */;
			productType = "com.apple.product-type.application";
		};
		89935ED7251C4F600023E1DA /* FlixTests */ = {
			isa = PBXNativeTarget;
			buildConfigurationList = 89935EEF251C4F610023E1DA /* Build configuration list for PBXNativeTarget "FlixTests" */;
			buildPhases = (
				89935ED4251C4F600023E1DA /* Sources */,
				89935ED5251C4F600023E1DA /* Frameworks */,
				89935ED6251C4F600023E1DA /* Resources */,
			);
			buildRules = (
			);
			dependencies = (
				89935EDA251C4F600023E1DA /* PBXTargetDependency */,
			);
			name = FlixTests;
			productName = FlixTests;
			productReference = 89935ED8251C4F600023E1DA /* FlixTests.xctest */;
			productType = "com.apple.product-type.bundle.unit-test";
		};
		89935EE2251C4F610023E1DA /* FlixUITests */ = {
			isa = PBXNativeTarget;
			buildConfigurationList = 89935EF2251C4F610023E1DA /* Build configuration list for PBXNativeTarget "FlixUITests" */;
			buildPhases = (
				89935EDF251C4F610023E1DA /* Sources */,
				89935EE0251C4F610023E1DA /* Frameworks */,
				89935EE1251C4F610023E1DA /* Resources */,
			);
			buildRules = (
			);
			dependencies = (
				89935EE5251C4F610023E1DA /* PBXTargetDependency */,
			);
			name = FlixUITests;
			productName = FlixUITests;
			productReference = 89935EE3251C4F610023E1DA /* FlixUITests.xctest */;
			productType = "com.apple.product-type.bundle.ui-testing";
		};
/* End PBXNativeTarget section */

/* Begin PBXProject section */
		89935EBA251C4F5D0023E1DA /* Project object */ = {
			isa = PBXProject;
			attributes = {
				LastSwiftUpdateCheck = 1200;
				LastUpgradeCheck = 1200;
				TargetAttributes = {
					89935EC1251C4F5D0023E1DA = {
						CreatedOnToolsVersion = 12.0;
					};
					89935ED7251C4F600023E1DA = {
						CreatedOnToolsVersion = 12.0;
						TestTargetID = 89935EC1251C4F5D0023E1DA;
					};
					89935EE2251C4F610023E1DA = {
						CreatedOnToolsVersion = 12.0;
						TestTargetID = 89935EC1251C4F5D0023E1DA;
					};
				};
			};
			buildConfigurationList = 89935EBD251C4F5D0023E1DA /* Build configuration list for PBXProject "Flix" */;
			compatibilityVersion = "Xcode 9.3";
			developmentRegion = en;
			hasScannedForEncodings = 0;
			knownRegions = (
				en,
				Base,
			);
			mainGroup = 89935EB9251C4F5D0023E1DA;
			productRefGroup = 89935EC3251C4F5D0023E1DA /* Products */;
			projectDirPath = "";
			projectRoot = "";
			targets = (
				89935EC1251C4F5D0023E1DA /* Flix */,
				89935ED7251C4F600023E1DA /* FlixTests */,
				89935EE2251C4F610023E1DA /* FlixUITests */,
			);
		};
/* End PBXProject section */

/* Begin PBXResourcesBuildPhase section */
		89935EC0251C4F5D0023E1DA /* Resources */ = {
			isa = PBXResourcesBuildPhase;
			buildActionMask = 2147483647;
			files = (
				89935ED2251C4F600023E1DA /* LaunchScreen.storyboard in Resources */,
				89935ECF251C4F600023E1DA /* Assets.xcassets in Resources */,
				89935ECD251C4F5D0023E1DA /* Main.storyboard in Resources */,
			);
			runOnlyForDeploymentPostprocessing = 0;
		};
		89935ED6251C4F600023E1DA /* Resources */ = {
			isa = PBXResourcesBuildPhase;
			buildActionMask = 2147483647;
			files = (
			);
			runOnlyForDeploymentPostprocessing = 0;
		};
		89935EE1251C4F610023E1DA /* Resources */ = {
			isa = PBXResourcesBuildPhase;
			buildActionMask = 2147483647;
			files = (
			);
			runOnlyForDeploymentPostprocessing = 0;
		};
/* End PBXResourcesBuildPhase section */

/* Begin PBXSourcesBuildPhase section */
		89935EBE251C4F5D0023E1DA /* Sources */ = {
			isa = PBXSourcesBuildPhase;
			buildActionMask = 2147483647;
			files = (
				89935ECA251C4F5D0023E1DA /* ViewController.swift in Sources */,
				89935EC6251C4F5D0023E1DA /* AppDelegate.swift in Sources */,
				89935EC8251C4F5D0023E1DA /* SceneDelegate.swift in Sources */,
			);
			runOnlyForDeploymentPostprocessing = 0;
		};
		89935ED4251C4F600023E1DA /* Sources */ = {
			isa = PBXSourcesBuildPhase;
			buildActionMask = 2147483647;
			files = (
				89935EDD251C4F600023E1DA /* FlixTests.swift in Sources */,
			);
			runOnlyForDeploymentPostprocessing = 0;
		};
		89935EDF251C4F610023E1DA /* Sources */ = {
			isa = PBXSourcesBuildPhase;
			buildActionMask = 2147483647;
			files = (
				89935EE8251C4F610023E1DA /* FlixUITests.swift in Sources */,
			);
			runOnlyForDeploymentPostprocessing = 0;
		};
/* End PBXSourcesBuildPhase section */

/* Begin PBXTargetDependency section */
		89935EDA251C4F600023E1DA /* PBXTargetDependency */ = {
			isa = PBXTargetDependency;
			target = 89935EC1251C4F5D0023E1DA /* Flix */;
			targetProxy = 89935ED9251C4F600023E1DA /* PBXContainerItemProxy */;
		};
		89935EE5251C4F610023E1DA /* PBXTargetDependency */ = {
			isa = PBXTargetDependency;
			target = 89935EC1251C4F5D0023E1DA /* Flix */;
			targetProxy = 89935EE4251C4F610023E1DA /* PBXContainerItemProxy */;
		};
/* End PBXTargetDependency section */

/* Begin PBXVariantGroup section */
		89935ECB251C4F5D0023E1DA /* Main.storyboard */ = {
			isa = PBXVariantGroup;
			children = (
				89935ECC251C4F5D0023E1DA /* Base */,
			);
			name = Main.storyboard;
			sourceTree = "<group>";
		};
		89935ED0251C4F600023E1DA /* LaunchScreen.storyboard */ = {
			isa = PBXVariantGroup;
			children = (
				89935ED1251C4F600023E1DA /* Base */,
			);
			name = LaunchScreen.storyboard;
			sourceTree = "<group>";
		};
/* End PBXVariantGroup section */

/* Begin XCBuildConfiguration section */
		89935EEA251C4F610023E1DA /* Debug */ = {
			isa = XCBuildConfiguration;
			buildSettings = {
				ALWAYS_SEARCH_USER_PATHS = NO;
				CLANG_ANALYZER_NONNULL = YES;
				CLANG_ANALYZER_NUMBER_OBJECT_CONVERSION = YES_AGGRESSIVE;
				CLANG_CXX_LANGUAGE_STANDARD = "gnu++14";
				CLANG_CXX_LIBRARY = "libc++";
				CLANG_ENABLE_MODULES = YES;
				CLANG_ENABLE_OBJC_ARC = YES;
				CLANG_ENABLE_OBJC_WEAK = YES;
				CLANG_WARN_BLOCK_CAPTURE_AUTORELEASING = YES;
				CLANG_WARN_BOOL_CONVERSION = YES;
				CLANG_WARN_COMMA = YES;
				CLANG_WARN_CONSTANT_CONVERSION = YES;
				CLANG_WARN_DEPRECATED_OBJC_IMPLEMENTATIONS = YES;
				CLANG_WARN_DIRECT_OBJC_ISA_USAGE = YES_ERROR;
				CLANG_WARN_DOCUMENTATION_COMMENTS = YES;
				CLANG_WARN_EMPTY_BODY = YES;
				CLANG_WARN_ENUM_CONVERSION = YES;
				CLANG_WARN_INFINITE_RECURSION = YES;
				CLANG_WARN_INT_CONVERSION = YES;
				CLANG_WARN_NON_LITERAL_NULL_CONVERSION = YES;
				CLANG_WARN_OBJC_IMPLICIT_RETAIN_SELF = YES;
				CLANG_WARN_OBJC_LITERAL_CONVERSION = YES;
				CLANG_WARN_OBJC_ROOT_CLASS = YES_ERROR;
				CLANG_WARN_QUOTED_INCLUDE_IN_FRAMEWORK_HEADER = YES;
				CLANG_WARN_RANGE_LOOP_ANALYSIS = YES;
				CLANG_WARN_STRICT_PROTOTYPES = YES;
				CLANG_WARN_SUSPICIOUS_MOVE = YES;
				CLANG_WARN_UNGUARDED_AVAILABILITY = YES_AGGRESSIVE;
				CLANG_WARN_UNREACHABLE_CODE = YES;
				CLANG_WARN__DUPLICATE_METHOD_MATCH = YES;
				COPY_PHASE_STRIP = NO;
				DEBUG_INFORMATION_FORMAT = dwarf;
				ENABLE_STRICT_OBJC_MSGSEND = YES;
				ENABLE_TESTABILITY = YES;
				GCC_C_LANGUAGE_STANDARD = gnu11;
				GCC_DYNAMIC_NO_PIC = NO;
				GCC_NO_COMMON_BLOCKS = YES;
				GCC_OPTIMIZATION_LEVEL = 0;
				GCC_PREPROCESSOR_DEFINITIONS = (
					"DEBUG=1",
					"$(inherited)",
				);
				GCC_WARN_64_TO_32_BIT_CONVERSION = YES;
				GCC_WARN_ABOUT_RETURN_TYPE = YES_ERROR;
				GCC_WARN_UNDECLARED_SELECTOR = YES;
				GCC_WARN_UNINITIALIZED_AUTOS = YES_AGGRESSIVE;
				GCC_WARN_UNUSED_FUNCTION = YES;
				GCC_WARN_UNUSED_VARIABLE = YES;
				IPHONEOS_DEPLOYMENT_TARGET = 14.0;
				MTL_ENABLE_DEBUG_INFO = INCLUDE_SOURCE;
				MTL_FAST_MATH = YES;
				ONLY_ACTIVE_ARCH = YES;
				SDKROOT = iphoneos;
				SWIFT_ACTIVE_COMPILATION_CONDITIONS = DEBUG;
				SWIFT_OPTIMIZATION_LEVEL = "-Onone";
			};
			name = Debug;
		};
		89935EEB251C4F610023E1DA /* Release */ = {
			isa = XCBuildConfiguration;
			buildSettings = {
				ALWAYS_SEARCH_USER_PATHS = NO;
				CLANG_ANALYZER_NONNULL = YES;
				CLANG_ANALYZER_NUMBER_OBJECT_CONVERSION = YES_AGGRESSIVE;
				CLANG_CXX_LANGUAGE_STANDARD = "gnu++14";
				CLANG_CXX_LIBRARY = "libc++";
				CLANG_ENABLE_MODULES = YES;
				CLANG_ENABLE_OBJC_ARC = YES;
				CLANG_ENABLE_OBJC_WEAK = YES;
				CLANG_WARN_BLOCK_CAPTURE_AUTORELEASING = YES;
				CLANG_WARN_BOOL_CONVERSION = YES;
				CLANG_WARN_COMMA = YES;
				CLANG_WARN_CONSTANT_CONVERSION = YES;
				CLANG_WARN_DEPRECATED_OBJC_IMPLEMENTATIONS = YES;
				CLANG_WARN_DIRECT_OBJC_ISA_USAGE = YES_ERROR;
				CLANG_WARN_DOCUMENTATION_COMMENTS = YES;
				CLANG_WARN_EMPTY_BODY = YES;
				CLANG_WARN_ENUM_CONVERSION = YES;
				CLANG_WARN_INFINITE_RECURSION = YES;
				CLANG_WARN_INT_CONVERSION = YES;
				CLANG_WARN_NON_LITERAL_NULL_CONVERSION = YES;
				CLANG_WARN_OBJC_IMPLICIT_RETAIN_SELF = YES;
				CLANG_WARN_OBJC_LITERAL_CONVERSION = YES;
				CLANG_WARN_OBJC_ROOT_CLASS = YES_ERROR;
				CLANG_WARN_QUOTED_INCLUDE_IN_FRAMEWORK_HEADER = YES;
				CLANG_WARN_RANGE_LOOP_ANALYSIS = YES;
				CLANG_WARN_STRICT_PROTOTYPES = YES;
				CLANG_WARN_SUSPICIOUS_MOVE = YES;
				CLANG_WARN_UNGUARDED_AVAILABILITY = YES_AGGRESSIVE;
				CLANG_WARN_UNREACHABLE_CODE = YES;
				CLANG_WARN__DUPLICATE_METHOD_MATCH = YES;
				COPY_PHASE_STRIP = NO;
				DEBUG_INFORMATION_FORMAT = "dwarf-with-dsym";
				ENABLE_NS_ASSERTIONS = NO;
				ENABLE_STRICT_OBJC_MSGSEND = YES;
				GCC_C_LANGUAGE_STANDARD = gnu11;
				GCC_NO_COMMON_BLOCKS = YES;
				GCC_WARN_64_TO_32_BIT_CONVERSION = YES;
				GCC_WARN_ABOUT_RETURN_TYPE = YES_ERROR;
				GCC_WARN_UNDECLARED_SELECTOR = YES;
				GCC_WARN_UNINITIALIZED_AUTOS = YES_AGGRESSIVE;
				GCC_WARN_UNUSED_FUNCTION = YES;
				GCC_WARN_UNUSED_VARIABLE = YES;
				IPHONEOS_DEPLOYMENT_TARGET = 14.0;
				MTL_ENABLE_DEBUG_INFO = NO;
				MTL_FAST_MATH = YES;
				SDKROOT = iphoneos;
				SWIFT_COMPILATION_MODE = wholemodule;
				SWIFT_OPTIMIZATION_LEVEL = "-O";
				VALIDATE_PRODUCT = YES;
			};
			name = Release;
		};
		89935EED251C4F610023E1DA /* Debug */ = {
			isa = XCBuildConfiguration;
			buildSettings = {
				ASSETCATALOG_COMPILER_APPICON_NAME = AppIcon;
				ASSETCATALOG_COMPILER_GLOBAL_ACCENT_COLOR_NAME = AccentColor;
				CODE_SIGN_STYLE = Automatic;
				INFOPLIST_FILE = Flix/Info.plist;
				LD_RUNPATH_SEARCH_PATHS = (
					"$(inherited)",
					"@executable_path/Frameworks",
				);
				PRODUCT_BUNDLE_IDENTIFIER = com.SEETTDesign.Flix;
				PRODUCT_NAME = "$(TARGET_NAME)";
				SWIFT_VERSION = 5.0;
				TARGETED_DEVICE_FAMILY = "1,2";
			};
			name = Debug;
		};
		89935EEE251C4F610023E1DA /* Release */ = {
			isa = XCBuildConfiguration;
			buildSettings = {
				ASSETCATALOG_COMPILER_APPICON_NAME = AppIcon;
				ASSETCATALOG_COMPILER_GLOBAL_ACCENT_COLOR_NAME = AccentColor;
				CODE_SIGN_STYLE = Automatic;
				INFOPLIST_FILE = Flix/Info.plist;
				LD_RUNPATH_SEARCH_PATHS = (
					"$(inherited)",
					"@executable_path/Frameworks",
				);
				PRODUCT_BUNDLE_IDENTIFIER = com.SEETTDesign.Flix;
				PRODUCT_NAME = "$(TARGET_NAME)";
				SWIFT_VERSION = 5.0;
				TARGETED_DEVICE_FAMILY = "1,2";
			};
			name = Release;
		};
		89935EF0251C4F610023E1DA /* Debug */ = {
			isa = XCBuildConfiguration;
			buildSettings = {
				ALWAYS_EMBED_SWIFT_STANDARD_LIBRARIES = YES;
				BUNDLE_LOADER = "$(TEST_HOST)";
				CODE_SIGN_STYLE = Automatic;
				INFOPLIST_FILE = FlixTests/Info.plist;
				IPHONEOS_DEPLOYMENT_TARGET = 14.0;
				LD_RUNPATH_SEARCH_PATHS = (
					"$(inherited)",
					"@executable_path/Frameworks",
					"@loader_path/Frameworks",
				);
				PRODUCT_BUNDLE_IDENTIFIER = com.SEETTDesign.FlixTests;
				PRODUCT_NAME = "$(TARGET_NAME)";
				SWIFT_VERSION = 5.0;
				TARGETED_DEVICE_FAMILY = "1,2";
				TEST_HOST = "$(BUILT_PRODUCTS_DIR)/Flix.app/Flix";
			};
			name = Debug;
		};
		89935EF1251C4F610023E1DA /* Release */ = {
			isa = XCBuildConfiguration;
			buildSettings = {
				ALWAYS_EMBED_SWIFT_STANDARD_LIBRARIES = YES;
				BUNDLE_LOADER = "$(TEST_HOST)";
				CODE_SIGN_STYLE = Automatic;
				INFOPLIST_FILE = FlixTests/Info.plist;
				IPHONEOS_DEPLOYMENT_TARGET = 14.0;
				LD_RUNPATH_SEARCH_PATHS = (
					"$(inherited)",
					"@executable_path/Frameworks",
					"@loader_path/Frameworks",
				);
				PRODUCT_BUNDLE_IDENTIFIER = com.SEETTDesign.FlixTests;
				PRODUCT_NAME = "$(TARGET_NAME)";
				SWIFT_VERSION = 5.0;
				TARGETED_DEVICE_FAMILY = "1,2";
				TEST_HOST = "$(BUILT_PRODUCTS_DIR)/Flix.app/Flix";
			};
			name = Release;
		};
		89935EF3251C4F610023E1DA /* Debug */ = {
			isa = XCBuildConfiguration;
			buildSettings = {
				ALWAYS_EMBED_SWIFT_STANDARD_LIBRARIES = YES;
				CODE_SIGN_STYLE = Automatic;
				INFOPLIST_FILE = FlixUITests/Info.plist;
				LD_RUNPATH_SEARCH_PATHS = (
					"$(inherited)",
					"@executable_path/Frameworks",
					"@loader_path/Frameworks",
				);
				PRODUCT_BUNDLE_IDENTIFIER = com.SEETTDesign.FlixUITests;
				PRODUCT_NAME = "$(TARGET_NAME)";
				SWIFT_VERSION = 5.0;
				TARGETED_DEVICE_FAMILY = "1,2";
				TEST_TARGET_NAME = Flix;
			};
			name = Debug;
		};
		89935EF4251C4F610023E1DA /* Release */ = {
			isa = XCBuildConfiguration;
			buildSettings = {
				ALWAYS_EMBED_SWIFT_STANDARD_LIBRARIES = YES;
				CODE_SIGN_STYLE = Automatic;
				INFOPLIST_FILE = FlixUITests/Info.plist;
				LD_RUNPATH_SEARCH_PATHS = (
					"$(inherited)",
					"@executable_path/Frameworks",
					"@loader_path/Frameworks",
				);
				PRODUCT_BUNDLE_IDENTIFIER = com.SEETTDesign.FlixUITests;
				PRODUCT_NAME = "$(TARGET_NAME)";
				SWIFT_VERSION = 5.0;
				TARGETED_DEVICE_FAMILY = "1,2";
				TEST_TARGET_NAME = Flix;
			};
			name = Release;
		};
/* End XCBuildConfiguration section */

/* Begin XCConfigurationList section */
		89935EBD251C4F5D0023E1DA /* Build configuration list for PBXProject "Flix" */ = {
			isa = XCConfigurationList;
			buildConfigurations = (
				89935EEA251C4F610023E1DA /* Debug */,
				89935EEB251C4F610023E1DA /* Release */,
			);
			defaultConfigurationIsVisible = 0;
			defaultConfigurationName = Release;
		};
		89935EEC251C4F610023E1DA /* Build configuration list for PBXNativeTarget "Flix" */ = {
			isa = XCConfigurationList;
			buildConfigurations = (
				89935EED251C4F610023E1DA /* Debug */,
				89935EEE251C4F610023E1DA /* Release */,
			);
			defaultConfigurationIsVisible = 0;
			defaultConfigurationName = Release;
		};
		89935EEF251C4F610023E1DA /* Build configuration list for PBXNativeTarget "FlixTests" */ = {
			isa = XCConfigurationList;
			buildConfigurations = (
				89935EF0251C4F610023E1DA /* Debug */,
				89935EF1251C4F610023E1DA /* Release */,
			);
			defaultConfigurationIsVisible = 0;
			defaultConfigurationName = Release;
		};
		89935EF2251C4F610023E1DA /* Build configuration list for PBXNativeTarget "FlixUITests" */ = {
			isa = XCConfigurationList;
			buildConfigurations = (
				89935EF3251C4F610023E1DA /* Debug */,
				89935EF4251C4F610023E1DA /* Release */,
			);
			defaultConfigurationIsVisible = 0;
			defaultConfigurationName = Release;
		};
/* End XCConfigurationList section */
	};
	rootObject = 89935EBA251C4F5D0023E1DA /* Project object */;
}
